
Microsoft Visual Studio Solution File, Format Version 12.00
# Visual Studio Version 17
VisualStudioVersion = 17.0.32014.148
MinimumVisualStudioVersion = 10.0.40219.1
Project("{9A19103F-16F7-4668-BE54-9A1E7A4F7556}") = "RemoteAkkaTest.Api", "RemoteAkkaTest.Api\RemoteAkkaTest.Api.csproj", "{99922541-AA4E-40E7-89C4-7E1BDBD241DE}"
EndProject
Project("{9A19103F-16F7-4668-BE54-9A1E7A4F7556}") = "RemoteAkkaTest.Server", "RemoteAkkaTest.Server\RemoteAkkaTest.Server.csproj", "{196EE841-9BCB-4E36-BA25-73E61FD57259}"
EndProject
Global
	GlobalSection(SolutionConfigurationPlatforms) = preSolution
		Debug|Any CPU = Debug|Any CPU
		Release|Any CPU = Release|Any CPU
	EndGlobalSection
	GlobalSection(ProjectConfigurationPlatforms) = postSolution
		{99922541-AA4E-40E7-89C4-7E1BDBD241DE}.Debug|Any CPU.ActiveCfg = Debug|Any CPU
		{99922541-AA4E-40E7-89C4-7E1BDBD241DE}.Debug|Any CPU.Build.0 = Debug|Any CPU
		{99922541-AA4E-40E7-89C4-7E1BDBD241DE}.Release|Any CPU.ActiveCfg = Release|Any CPU
		{99922541-AA4E-40E7-89C4-7E1BDBD241DE}.Release|Any CPU.Build.0 = Release|Any CPU
		{196EE841-9BCB-4E36-BA25-73E61FD57259}.Debug|Any CPU.ActiveCfg = Debug|Any CPU
		{196EE841-9BCB-4E36-BA25-73E61FD57259}.Debug|Any CPU.Build.0 = Debug|Any CPU
		{196EE841-9BCB-4E36-BA25-73E61FD57259}.Release|Any CPU.ActiveCfg = Release|Any CPU
		{196EE841-9BCB-4E36-BA25-73E61FD57259}.Release|Any CPU.Build.0 = Release|Any CPU
	EndGlobalSection
	GlobalSection(SolutionProperties) = preSolution
		HideSolutionNode = FALSE
	EndGlobalSection
	GlobalSection(ExtensibilityGlobals) = postSolution
		SolutionGuid = {BD6FFE23-9BB8-4B9A-9FDA-4C4BF39AA9C4}
	EndGlobalSection
EndGlobal
